{
  "originHash" : "10193111bc3ab5ad7253f88c837227c4844424ac8981aa1d03cfbd5eda1108ae",
  "pins" : [
    {
      "identity" : "purchases-ios",
      "kind" : "remoteSourceControl",
      "location" : "https://github.com/RevenueCat/purchases-ios.git",
      "state" : {
        "revision" : "6b95744e70f1edc43f89f2b522b0832ddfdd41a1",
        "version" : "5.73.0"
      }
    },
    {
      "identity" : "swiftui-toasts",
      "kind" : "remoteSourceControl",
      "location" : "https://github.com/sunghyun-k/swiftui-toasts.git",
      "state" : {
        "revision" : "9412602c30dff5cba211a984df12976250daf495",
        "version" : "1.1.1"
      }
    },
    {
      "identity" : "swiftui-window-overlay",
      "kind" : "remoteSourceControl",
      "location" : "https://github.com/sunghyun-k/swiftui-window-overlay.git",
      "state" : {
        "revision" : "46739300713772a62a3bf31d77f8f23ba9cf61f7",
        "version" : "1.0.2"
      }
    }
  ],
  "version" : 3
}
